// !$*UTF8*$!
{
	archiveVersion = 1;
	classes = {
	};
	objectVersion = 50;
	objects = {

/* Begin PBXBuildFile section */
		855A459325F29A68006DD798 /* StockCardData.swift in Sources */ = {isa = PBXBuildFile; fileRef = 855A459225F29A68006DD798 /* StockCardData.swift */; };
		85A163C325EF495F00600654 /* AppDelegate.swift in Sources */ = {isa = PBXBuildFile; fileRef = 85A163C225EF495F00600654 /* AppDelegate.swift */; };
		85A163C525EF495F00600654 /* SceneDelegate.swift in Sources */ = {isa = PBXBuildFile; fileRef = 85A163C425EF495F00600654 /* SceneDelegate.swift */; };
		85A163C725EF495F00600654 /* ViewController.swift in Sources */ = {isa = PBXBuildFile; fileRef = 85A163C625EF495F00600654 /* ViewController.swift */; };
		85A163CA25EF495F00600654 /* Main.storyboard in Resources */ = {isa = PBXBuildFile; fileRef = 85A163C825EF495F00600654 /* Main.storyboard */; };
		85A163CD25EF495F00600654 /* YaMDS.xcdatamodeld in Sources */ = {isa = PBXBuildFile; fileRef = 85A163CB25EF495F00600654 /* YaMDS.xcdatamodeld */; };
		85A163CF25EF496200600654 /* Assets.xcassets in Resources */ = {isa = PBXBuildFile; fileRef = 85A163CE25EF496200600654 /* Assets.xcassets */; };
		85A163D225EF496200600654 /* LaunchScreen.storyboard in Resources */ = {isa = PBXBuildFile; fileRef = 85A163D025EF496200600654 /* LaunchScreen.storyboard */; };
		85A163DC25F09CA700600654 /* StockCell.xib in Resources */ = {isa = PBXBuildFile; fileRef = 85A163DB25F09CA700600654 /* StockCell.xib */; };
		85A163E125F0A0F900600654 /* StockTableView.swift in Sources */ = {isa = PBXBuildFile; fileRef = 85A163E025F0A0F900600654 /* StockTableView.swift */; };
		85A163E425F0A1B500600654 /* StockTableViewCell.swift in Sources */ = {isa = PBXBuildFile; fileRef = 85A163E325F0A1B500600654 /* StockTableViewCell.swift */; };
		85A163EC25F0A2EB00600654 /* StockData.swift in Sources */ = {isa = PBXBuildFile; fileRef = 85A163EB25F0A2EB00600654 /* StockData.swift */; };
		85B58D5F25F0AC9900206828 /* StockList.swift in Sources */ = {isa = PBXBuildFile; fileRef = 85B58D5E25F0AC9900206828 /* StockList.swift */; };
/* End PBXBuildFile section */

/* Begin PBXFileReference section */
		855A459225F29A68006DD798 /* StockCardData.swift */ = {isa = PBXFileReference; lastKnownFileType = sourcecode.swift; path = StockCardData.swift; sourceTree = "<group>"; };
		85A163BF25EF495F00600654 /* YaMDS.app */ = {isa = PBXFileReference; explicitFileType = wrapper.application; includeInIndex = 0; path = YaMDS.app; sourceTree = BUILT_PRODUCTS_DIR; };
		85A163C225EF495F00600654 /* AppDelegate.swift */ = {isa = PBXFileReference; lastKnownFileType = sourcecode.swift; path = AppDelegate.swift; sourceTree = "<group>"; };
		85A163C425EF495F00600654 /* SceneDelegate.swift */ = {isa = PBXFileReference; lastKnownFileType = sourcecode.swift; path = SceneDelegate.swift; sourceTree = "<group>"; };
		85A163C625EF495F00600654 /* ViewController.swift */ = {isa = PBXFileReference; lastKnownFileType = sourcecode.swift; path = ViewController.swift; sourceTree = "<group>"; };
		85A163C925EF495F00600654 /* Base */ = {isa = PBXFileReference; lastKnownFileType = file.storyboard; name = Base; path = Base.lproj/Main.storyboard; sourceTree = "<group>"; };
		85A163CC25EF495F00600654 /* YaMDS.xcdatamodel */ = {isa = PBXFileReference; lastKnownFileType = wrapper.xcdatamodel; path = YaMDS.xcdatamodel; sourceTree = "<group>"; };
		85A163CE25EF496200600654 /* Assets.xcassets */ = {isa = PBXFileReference; lastKnownFileType = folder.assetcatalog; path = Assets.xcassets; sourceTree = "<group>"; };
		85A163D125EF496200600654 /* Base */ = {isa = PBXFileReference; lastKnownFileType = file.storyboard; name = Base; path = Base.lproj/LaunchScreen.storyboard; sourceTree = "<group>"; };
		85A163D325EF496200600654 /* Info.plist */ = {isa = PBXFileReference; lastKnownFileType = text.plist.xml; path = Info.plist; sourceTree = "<group>"; };
		85A163DB25F09CA700600654 /* StockCell.xib */ = {isa = PBXFileReference; lastKnownFileType = file.xib; path = StockCell.xib; sourceTree = "<group>"; };
		85A163E025F0A0F900600654 /* StockTableView.swift */ = {isa = PBXFileReference; lastKnownFileType = sourcecode.swift; path = StockTableView.swift; sourceTree = "<group>"; };
		85A163E325F0A1B500600654 /* StockTableViewCell.swift */ = {isa = PBXFileReference; lastKnownFileType = sourcecode.swift; path = StockTableViewCell.swift; sourceTree = "<group>"; };
		85A163EB25F0A2EB00600654 /* StockData.swift */ = {isa = PBXFileReference; lastKnownFileType = sourcecode.swift; path = StockData.swift; sourceTree = "<group>"; };
		85B58D5E25F0AC9900206828 /* StockList.swift */ = {isa = PBXFileReference; lastKnownFileType = sourcecode.swift; path = StockList.swift; sourceTree = "<group>"; };
/* End PBXFileReference section */

/* Begin PBXFrameworksBuildPhase section */
		85A163BC25EF495F00600654 /* Frameworks */ = {
			isa = PBXFrameworksBuildPhase;
			buildActionMask = 2147483647;
			files = (
			);
			runOnlyForDeploymentPostprocessing = 0;
		};
/* End PBXFrameworksBuildPhase section */

/* Begin PBXGroup section */
		85A163B625EF495F00600654 = {
			isa = PBXGroup;
			children = (
				85A163C125EF495F00600654 /* YaMDS */,
				85A163C025EF495F00600654 /* Products */,
			);
			sourceTree = "<group>";
		};
		85A163C025EF495F00600654 /* Products */ = {
			isa = PBXGroup;
			children = (
				85A163BF25EF495F00600654 /* YaMDS.app */,
			);
			name = Products;
			sourceTree = "<group>";
		};
		85A163C125EF495F00600654 /* YaMDS */ = {
			isa = PBXGroup;
			children = (
				85A163E725F0A1E300600654 /* Model */,
				85A163DE25F09CB500600654 /* View */,
				85A163E625F0A1DA00600654 /* Controllers */,
				85A163E925F0A20300600654 /* Supporting Files */,
				85A163D325EF496200600654 /* Info.plist */,
				85A163CB25EF495F00600654 /* YaMDS.xcdatamodeld */,
			);
			path = YaMDS;
			sourceTree = "<group>";
		};
		85A163DE25F09CB500600654 /* View */ = {
			isa = PBXGroup;
			children = (
				85A163DB25F09CA700600654 /* StockCell.xib */,
				85A163E025F0A0F900600654 /* StockTableView.swift */,
				85A163E325F0A1B500600654 /* StockTableViewCell.swift */,
			);
			path = View;
			sourceTree = "<group>";
		};
		85A163E625F0A1DA00600654 /* Controllers */ = {
			isa = PBXGroup;
			children = (
				85A163C625EF495F00600654 /* ViewController.swift */,
			);
			path = Controllers;
			sourceTree = "<group>";
		};
		85A163E725F0A1E300600654 /* Model */ = {
			isa = PBXGroup;
			children = (
				85A163EB25F0A2EB00600654 /* StockData.swift */,
				85B58D5E25F0AC9900206828 /* StockList.swift */,
				855A459225F29A68006DD798 /* StockCardData.swift */,
			);
			path = Model;
			sourceTree = "<group>";
		};
		85A163E925F0A20300600654 /* Supporting Files */ = {
			isa = PBXGroup;
			children = (
				85A163C225EF495F00600654 /* AppDelegate.swift */,
				85A163C425EF495F00600654 /* SceneDelegate.swift */,
				85A163C825EF495F00600654 /* Main.storyboard */,
				85A163CE25EF496200600654 /* Assets.xcassets */,
				85A163D025EF496200600654 /* LaunchScreen.storyboard */,
			);
			path = "Supporting Files";
			sourceTree = "<group>";
		};
/* End PBXGroup section */

/* Begin PBXNativeTarget section */
		85A163BE25EF495F00600654 /* YaMDS */ = {
			isa = PBXNativeTarget;
			buildConfigurationList = 85A163D625EF496200600654 /* Build configuration list for PBXNativeTarget "YaMDS" */;
			buildPhases = (
				85A163BB25EF495F00600654 /* Sources */,
				85A163BC25EF495F00600654 /* Frameworks */,
				85A163BD25EF495F00600654 /* Resources */,
			);
			buildRules = (
			);
			dependencies = (
			);
			name = YaMDS;
			productName = YaMDS;
			productReference = 85A163BF25EF495F00600654 /* YaMDS.app */;
			productType = "com.apple.product-type.application";
		};
/* End PBXNativeTarget section */

/* Begin PBXProject section */
		85A163B725EF495F00600654 /* Project object */ = {
			isa = PBXProject;
			attributes = {
				LastSwiftUpdateCheck = 1240;
				LastUpgradeCheck = 1240;
				TargetAttributes = {
					85A163BE25EF495F00600654 = {
						CreatedOnToolsVersion = 12.4;
					};
				};
			};
			buildConfigurationList = 85A163BA25EF495F00600654 /* Build configuration list for PBXProject "YaMDS" */;
			compatibilityVersion = "Xcode 9.3";
			developmentRegion = en;
			hasScannedForEncodings = 0;
			knownRegions = (
				en,
				Base,
			);
			mainGroup = 85A163B625EF495F00600654;
			productRefGroup = 85A163C025EF495F00600654 /* Products */;
			projectDirPath = "";
			projectRoot = "";
			targets = (
				85A163BE25EF495F00600654 /* YaMDS */,
			);
		};
/* End PBXProject section */

/* Begin PBXResourcesBuildPhase section */
		85A163BD25EF495F00600654 /* Resources */ = {
			isa = PBXResourcesBuildPhase;
			buildActionMask = 2147483647;
			files = (
				85A163D225EF496200600654 /* LaunchScreen.storyboard in Resources */,
				85A163CF25EF496200600654 /* Assets.xcassets in Resources */,
				85A163DC25F09CA700600654 /* StockCell.xib in Resources */,
				85A163CA25EF495F00600654 /* Main.storyboard in Resources */,
			);
			runOnlyForDeploymentPostprocessing = 0;
		};
/* End PBXResourcesBuildPhase section */

/* Begin PBXSourcesBuildPhase section */
		85A163BB25EF495F00600654 /* Sources */ = {
			isa = PBXSourcesBuildPhase;
			buildActionMask = 2147483647;
			files = (
				85A163CD25EF495F00600654 /* YaMDS.xcdatamodeld in Sources */,
				855A459325F29A68006DD798 /* StockCardData.swift in Sources */,
				85A163C725EF495F00600654 /* ViewController.swift in Sources */,
				85B58D5F25F0AC9900206828 /* StockList.swift in Sources */,
				85A163E125F0A0F900600654 /* StockTableView.swift in Sources */,
				85A163EC25F0A2EB00600654 /* StockData.swift in Sources */,
				85A163C325EF495F00600654 /* AppDelegate.swift in Sources */,
				85A163E425F0A1B500600654 /* StockTableViewCell.swift in Sources */,
				85A163C525EF495F00600654 /* SceneDelegate.swift in Sources */,
			);
			runOnlyForDeploymentPostprocessing = 0;
		};
/* End PBXSourcesBuildPhase section */

/* Begin PBXVariantGroup section */
		85A163C825EF495F00600654 /* Main.storyboard */ = {
			isa = PBXVariantGroup;
			children = (
				85A163C925EF495F00600654 /* Base */,
			);
			name = Main.storyboard;
			sourceTree = "<group>";
		};
		85A163D025EF496200600654 /* LaunchScreen.storyboard */ = {
			isa = PBXVariantGroup;
			children = (
				85A163D125EF496200600654 /* Base */,
			);
			name = LaunchScreen.storyboard;
			sourceTree = "<group>";
		};
/* End PBXVariantGroup section */

/* Begin XCBuildConfiguration section */
		85A163D425EF496200600654 /* Debug */ = {
			isa = XCBuildConfiguration;
			buildSettings = {
				ALWAYS_SEARCH_USER_PATHS = NO;
				CLANG_ANALYZER_NONNULL = YES;
				CLANG_ANALYZER_NUMBER_OBJECT_CONVERSION = YES_AGGRESSIVE;
				CLANG_CXX_LANGUAGE_STANDARD = "gnu++14";
				CLANG_CXX_LIBRARY = "libc++";
				CLANG_ENABLE_MODULES = YES;
				CLANG_ENABLE_OBJC_ARC = YES;
				CLANG_ENABLE_OBJC_WEAK = YES;
				CLANG_WARN_BLOCK_CAPTURE_AUTORELEASING = YES;
				CLANG_WARN_BOOL_CONVERSION = YES;
				CLANG_WARN_COMMA = YES;
				CLANG_WARN_CONSTANT_CONVERSION = YES;
				CLANG_WARN_DEPRECATED_OBJC_IMPLEMENTATIONS = YES;
				CLANG_WARN_DIRECT_OBJC_ISA_USAGE = YES_ERROR;
				CLANG_WARN_DOCUMENTATION_COMMENTS = YES;
				CLANG_WARN_EMPTY_BODY = YES;
				CLANG_WARN_ENUM_CONVERSION = YES;
				CLANG_WARN_INFINITE_RECURSION = YES;
				CLANG_WARN_INT_CONVERSION = YES;
				CLANG_WARN_NON_LITERAL_NULL_CONVERSION = YES;
				CLANG_WARN_OBJC_IMPLICIT_RETAIN_SELF = YES;
				CLANG_WARN_OBJC_LITERAL_CONVERSION = YES;
				CLANG_WARN_OBJC_ROOT_CLASS = YES_ERROR;
				CLANG_WARN_QUOTED_INCLUDE_IN_FRAMEWORK_HEADER = YES;
				CLANG_WARN_RANGE_LOOP_ANALYSIS = YES;
				CLANG_WARN_STRICT_PROTOTYPES = YES;
				CLANG_WARN_SUSPICIOUS_MOVE = YES;
				CLANG_WARN_UNGUARDED_AVAILABILITY = YES_AGGRESSIVE;
				CLANG_WARN_UNREACHABLE_CODE = YES;
				CLANG_WARN__DUPLICATE_METHOD_MATCH = YES;
				COPY_PHASE_STRIP = NO;
				DEBUG_INFORMATION_FORMAT = dwarf;
				ENABLE_STRICT_OBJC_MSGSEND = YES;
				ENABLE_TESTABILITY = YES;
				GCC_C_LANGUAGE_STANDARD = gnu11;
				GCC_DYNAMIC_NO_PIC = NO;
				GCC_NO_COMMON_BLOCKS = YES;
				GCC_OPTIMIZATION_LEVEL = 0;
				GCC_PREPROCESSOR_DEFINITIONS = (
					"DEBUG=1",
					"$(inherited)",
				);
				GCC_WARN_64_TO_32_BIT_CONVERSION = YES;
				GCC_WARN_ABOUT_RETURN_TYPE = YES_ERROR;
				GCC_WARN_UNDECLARED_SELECTOR = YES;
				GCC_WARN_UNINITIALIZED_AUTOS = YES_AGGRESSIVE;
				GCC_WARN_UNUSED_FUNCTION = YES;
				GCC_WARN_UNUSED_VARIABLE = YES;
				IPHONEOS_DEPLOYMENT_TARGET = 14.4;
				MTL_ENABLE_DEBUG_INFO = INCLUDE_SOURCE;
				MTL_FAST_MATH = YES;
				ONLY_ACTIVE_ARCH = YES;
				SDKROOT = iphoneos;
				SWIFT_ACTIVE_COMPILATION_CONDITIONS = DEBUG;
				SWIFT_OPTIMIZATION_LEVEL = "-Onone";
			};
			name = Debug;
		};
		85A163D525EF496200600654 /* Release */ = {
			isa = XCBuildConfiguration;
			buildSettings = {
				ALWAYS_SEARCH_USER_PATHS = NO;
				CLANG_ANALYZER_NONNULL = YES;
				CLANG_ANALYZER_NUMBER_OBJECT_CONVERSION = YES_AGGRESSIVE;
				CLANG_CXX_LANGUAGE_STANDARD = "gnu++14";
				CLANG_CXX_LIBRARY = "libc++";
				CLANG_ENABLE_MODULES = YES;
				CLANG_ENABLE_OBJC_ARC = YES;
				CLANG_ENABLE_OBJC_WEAK = YES;
				CLANG_WARN_BLOCK_CAPTURE_AUTORELEASING = YES;
				CLANG_WARN_BOOL_CONVERSION = YES;
				CLANG_WARN_COMMA = YES;
				CLANG_WARN_CONSTANT_CONVERSION = YES;
				CLANG_WARN_DEPRECATED_OBJC_IMPLEMENTATIONS = YES;
				CLANG_WARN_DIRECT_OBJC_ISA_USAGE = YES_ERROR;
				CLANG_WARN_DOCUMENTATION_COMMENTS = YES;
				CLANG_WARN_EMPTY_BODY = YES;
				CLANG_WARN_ENUM_CONVERSION = YES;
				CLANG_WARN_INFINITE_RECURSION = YES;
				CLANG_WARN_INT_CONVERSION = YES;
				CLANG_WARN_NON_LITERAL_NULL_CONVERSION = YES;
				CLANG_WARN_OBJC_IMPLICIT_RETAIN_SELF = YES;
				CLANG_WARN_OBJC_LITERAL_CONVERSION = YES;
				CLANG_WARN_OBJC_ROOT_CLASS = YES_ERROR;
				CLANG_WARN_QUOTED_INCLUDE_IN_FRAMEWORK_HEADER = YES;
				CLANG_WARN_RANGE_LOOP_ANALYSIS = YES;
				CLANG_WARN_STRICT_PROTOTYPES = YES;
				CLANG_WARN_SUSPICIOUS_MOVE = YES;
				CLANG_WARN_UNGUARDED_AVAILABILITY = YES_AGGRESSIVE;
				CLANG_WARN_UNREACHABLE_CODE = YES;
				CLANG_WARN__DUPLICATE_METHOD_MATCH = YES;
				COPY_PHASE_STRIP = NO;
				DEBUG_INFORMATION_FORMAT = "dwarf-with-dsym";
				ENABLE_NS_ASSERTIONS = NO;
				ENABLE_STRICT_OBJC_MSGSEND = YES;
				GCC_C_LANGUAGE_STANDARD = gnu11;
				GCC_NO_COMMON_BLOCKS = YES;
				GCC_WARN_64_TO_32_BIT_CONVERSION = YES;
				GCC_WARN_ABOUT_RETURN_TYPE = YES_ERROR;
				GCC_WARN_UNDECLARED_SELECTOR = YES;
				GCC_WARN_UNINITIALIZED_AUTOS = YES_AGGRESSIVE;
				GCC_WARN_UNUSED_FUNCTION = YES;
				GCC_WARN_UNUSED_VARIABLE = YES;
				IPHONEOS_DEPLOYMENT_TARGET = 14.4;
				MTL_ENABLE_DEBUG_INFO = NO;
				MTL_FAST_MATH = YES;
				SDKROOT = iphoneos;
				SWIFT_COMPILATION_MODE = wholemodule;
				SWIFT_OPTIMIZATION_LEVEL = "-O";
				VALIDATE_PRODUCT = YES;
			};
			name = Release;
		};
		85A163D725EF496200600654 /* Debug */ = {
			isa = XCBuildConfiguration;
			buildSettings = {
				ASSETCATALOG_COMPILER_APPICON_NAME = AppIcon;
				ASSETCATALOG_COMPILER_GLOBAL_ACCENT_COLOR_NAME = AccentColor;
				CODE_SIGN_STYLE = Automatic;
				DEVELOPMENT_TEAM = RTRWQZT32D;
				INFOPLIST_FILE = YaMDS/Info.plist;
				IPHONEOS_DEPLOYMENT_TARGET = 14.1;
				LD_RUNPATH_SEARCH_PATHS = (
					"$(inherited)",
					"@executable_path/Frameworks",
				);
				PRODUCT_BUNDLE_IDENTIFIER = com.bllizard.YaMDS;
				PRODUCT_NAME = "$(TARGET_NAME)";
				SWIFT_VERSION = 5.0;
				TARGETED_DEVICE_FAMILY = 1;
			};
			name = Debug;
		};
		85A163D825EF496200600654 /* Release */ = {
			isa = XCBuildConfiguration;
			buildSettings = {
				ASSETCATALOG_COMPILER_APPICON_NAME = AppIcon;
				ASSETCATALOG_COMPILER_GLOBAL_ACCENT_COLOR_NAME = AccentColor;
				CODE_SIGN_STYLE = Automatic;
				DEVELOPMENT_TEAM = RTRWQZT32D;
				INFOPLIST_FILE = YaMDS/Info.plist;
				IPHONEOS_DEPLOYMENT_TARGET = 14.1;
				LD_RUNPATH_SEARCH_PATHS = (
					"$(inherited)",
					"@executable_path/Frameworks",
				);
				PRODUCT_BUNDLE_IDENTIFIER = com.bllizard.YaMDS;
				PRODUCT_NAME = "$(TARGET_NAME)";
				SWIFT_VERSION = 5.0;
				TARGETED_DEVICE_FAMILY = 1;
			};
			name = Release;
		};
/* End XCBuildConfiguration section */

/* Begin XCConfigurationList section */
		85A163BA25EF495F00600654 /* Build configuration list for PBXProject "YaMDS" */ = {
			isa = XCConfigurationList;
			buildConfigurations = (
				85A163D425EF496200600654 /* Debug */,
				85A163D525EF496200600654 /* Release */,
			);
			defaultConfigurationIsVisible = 0;
			defaultConfigurationName = Release;
		};
		85A163D625EF496200600654 /* Build configuration list for PBXNativeTarget "YaMDS" */ = {
			isa = XCConfigurationList;
			buildConfigurations = (
				85A163D725EF496200600654 /* Debug */,
				85A163D825EF496200600654 /* Release */,
			);
			defaultConfigurationIsVisible = 0;
			defaultConfigurationName = Release;
		};
/* End XCConfigurationList section */

/* Begin XCVersionGroup section */
		85A163CB25EF495F00600654 /* YaMDS.xcdatamodeld */ = {
			isa = XCVersionGroup;
			children = (
				85A163CC25EF495F00600654 /* YaMDS.xcdatamodel */,
			);
			currentVersion = 85A163CC25EF495F00600654 /* YaMDS.xcdatamodel */;
			path = YaMDS.xcdatamodeld;
			sourceTree = "<group>";
			versionGroupType = wrapper.xcdatamodel;
		};
/* End XCVersionGroup section */
	};
	rootObject = 85A163B725EF495F00600654 /* Project object */;
}
